<?xml version="1.0" encoding="utf-8"?>
<Project ToolsVersion="4.0" xmlns="http://schemas.microsoft.com/developer/msbuild/2003">
  <ItemGroup>
    <Filter Include="CameraAbstract">
      <UniqueIdentifier>{4b2c315e-c603-45fe-b286-cc46b7a647b3}</UniqueIdentifier>
    </Filter>
    <Filter Include="CameraAbstract\GIPCam">
      <UniqueIdentifier>{ff743e60-45ee-4d59-a7fc-4a99abff902f}</UniqueIdentifier>
    </Filter>
    <Filter Include="CameraAbstract\PrimeSense">
      <UniqueIdentifier>{64036856-57e1-40fb-937b-238d9a093470}</UniqueIdentifier>
    </Filter>
    <Filter Include="CameraAbstract\CameraFromFile">
      <UniqueIdentifier>{2e4fb812-b775-4370-b651-f9ff872cd9d1}</UniqueIdentifier>
    </Filter>
    <Filter Include="CameraAbstract\WriteToFile">
      <UniqueIdentifier>{021596dd-4aff-44ae-a070-0e4c6ce01c2e}</UniqueIdentifier>
    </Filter>
    <Filter Include="RayCaster">
      <UniqueIdentifier>{752ca4c5-a505-4080-b6fb-ef9d999da612}</UniqueIdentifier>
    </Filter>
    <Filter Include="VolumeIntegrator">
      <UniqueIdentifier>{cd65cefa-0b00-496d-a0fa-1ef170b0cdce}</UniqueIdentifier>
    </Filter>
    <Filter Include="ICP">
      <UniqueIdentifier>{7e875ac5-fc4d-49d4-8cf7-d02af6f4e9bc}</UniqueIdentifier>
    </Filter>
    <Filter Include="Utilities">
      <UniqueIdentifier>{faa12e47-37eb-4478-8fba-92b25faca4c1}</UniqueIdentifier>
    </Filter>
    <Filter Include="Utilities\cutil">
      <UniqueIdentifier>{0561d509-39f3-4f32-a3fa-dfa6fed409dd}</UniqueIdentifier>
    </Filter>
    <Filter Include="CameraAbstract\SoftKinetic">
      <UniqueIdentifier>{224d7a0f-a3ea-4de4-b3ee-0d8a1a39728f}</UniqueIdentifier>
    </Filter>
  </ItemGroup>
  <ItemGroup>
    <ClInclude Include="include\BasicTypes.h">
      <Filter>Utilities</Filter>
    </ClInclude>
    <ClInclude Include="include\CameraAbstract.h">
      <Filter>CameraAbstract</Filter>
    </ClInclude>
    <ClInclude Include="include\CameraFromFile.h">
      <Filter>CameraAbstract\CameraFromFile</Filter>
    </ClInclude>
    <ClInclude Include="include\CameraHandler.h">
      <Filter>CameraAbstract</Filter>
    </ClInclude>
    <ClInclude Include="include\cutil_math.h">
      <Filter>Utilities\cutil</Filter>
    </ClInclude>
    <ClInclude Include="include\cutil.h">
      <Filter>Utilities\cutil</Filter>
    </ClInclude>
    <ClInclude Include="include\cutil_gl_inline.h">
      <Filter>Utilities\cutil</Filter>
    </ClInclude>
    <ClInclude Include="include\cutil_inline.h">
      <Filter>Utilities\cutil</Filter>
    </ClInclude>
    <ClInclude Include="include\cutil_inline_runtime.h">
      <Filter>Utilities\cutil</Filter>
    </ClInclude>
    <ClInclude Include="include\Constants.h">
      <Filter>Utilities</Filter>
    </ClInclude>
    <ClInclude Include="include\FileSystemHelper.h">
      <Filter>Utilities</Filter>
    </ClInclude>
    <ClInclude Include="include\General.h">
      <Filter>Utilities</Filter>
    </ClInclude>
    <ClInclude Include="include\GIPCam.h">
      <Filter>CameraAbstract\GIPCam</Filter>
    </ClInclude>
    <ClInclude Include="src\CameraSupport\GIPCam\gipFile.h">
      <Filter>CameraAbstract\GIPCam</Filter>
    </ClInclude>
    <ClInclude Include="include\ICP.h">
      <Filter>ICP</Filter>
    </ClInclude>
    <ClInclude Include="include\Raycaster.h">
      <Filter>RayCaster</Filter>
    </ClInclude>
    <ClInclude Include="include\stopwatch.h">
      <Filter>Utilities\cutil</Filter>
    </ClInclude>
    <ClInclude Include="include\stopwatch_win.h">
      <Filter>Utilities\cutil</Filter>
    </ClInclude>
    <ClInclude Include="include\stopwatch_base.h">
      <Filter>Utilities\cutil</Filter>
    </ClInclude>
    <ClInclude Include="include\stopwatch_linux.h">
      <Filter>Utilities\cutil</Filter>
    </ClInclude>
    <ClInclude Include="include\utilities.h">
      <Filter>Utilities</Filter>
    </ClInclude>
    <ClInclude Include="include\VolumeIntegrator.h">
      <Filter>VolumeIntegrator</Filter>
    </ClInclude>
    <ClInclude Include="include\WriteToFile.h">
      <Filter>CameraAbstract\WriteToFile</Filter>
    </ClInclude>
    <ClInclude Include="include\MainApp.h" />
    <ClInclude Include="include\PrimesenseCamera.h">
      <Filter>CameraAbstract\PrimeSense</Filter>
    </ClInclude>
    <ClInclude Include="include\SoftKineticCamera.h">
      <Filter>CameraAbstract\SoftKinetic</Filter>
    </ClInclude>
    <ClInclude Include="include\TinyThread\tinythread.h">
      <Filter>Utilities</Filter>
    </ClInclude>
    <ClInclude Include="src\CImg.h">
      <Filter>Utilities</Filter>
    </ClInclude>
  </ItemGroup>
  <ItemGroup>
    <ClCompile Include="src\CameraSupport\CameraAbstract.cpp">
      <Filter>CameraAbstract</Filter>
    </ClCompile>
    <ClCompile Include="src\CameraSupport\CameraFromFile.cpp">
      <Filter>CameraAbstract\CameraFromFile</Filter>
    </ClCompile>
    <ClCompile Include="src\CameraSupport\CameraHandler.cpp">
      <Filter>CameraAbstract</Filter>
    </ClCompile>
    <ClCompile Include="src\cutil.cpp">
      <Filter>Utilities\cutil</Filter>
    </ClCompile>
    <ClCompile Include="src\FileSystemHelper.cpp">
      <Filter>Utilities</Filter>
    </ClCompile>
    <ClCompile Include="src\General.cpp">
      <Filter>Utilities</Filter>
    </ClCompile>
    <ClCompile Include="src\CameraSupport\GIPCam\gipCalibration.cpp">
      <Filter>CameraAbstract\GIPCam</Filter>
    </ClCompile>
    <ClCompile Include="src\CameraSupport\GIPCam.cpp">
      <Filter>CameraAbstract\GIPCam</Filter>
    </ClCompile>
    <ClCompile Include="src\CameraSupport\GIPCam\gipFile.cpp">
      <Filter>CameraAbstract\GIPCam</Filter>
    </ClCompile>
    <ClCompile Include="src\ICP.cpp">
      <Filter>ICP</Filter>
    </ClCompile>
    <ClCompile Include="src\stopwatch.cpp">
      <Filter>Utilities\cutil</Filter>
    </ClCompile>
    <ClCompile Include="src\stopwatch_win.cpp">
      <Filter>Utilities\cutil</Filter>
    </ClCompile>
    <ClCompile Include="src\CameraSupport\WriteToFile.cpp">
      <Filter>CameraAbstract\WriteToFile</Filter>
    </ClCompile>
    <ClCompile Include="src\MainApp.cpp" />
    <ClCompile Include="src\CameraSupport\PrimesenseCamera.cpp">
      <Filter>CameraAbstract\PrimeSense</Filter>
    </ClCompile>
    <ClCompile Include="src\CameraSupport\SoftKineticCamera.cpp">
      <Filter>CameraAbstract\SoftKinetic</Filter>
    </ClCompile>
    <ClCompile Include="include\TinyThread\tinythread.cpp">
      <Filter>Utilities</Filter>
    </ClCompile>
  </ItemGroup>
  <ItemGroup>
    <CudaCompile Include="src\CameraSupport\CameraAbstract.cu">
      <Filter>CameraAbstract</Filter>
    </CudaCompile>
    <CudaCompile Include="src\CameraSupport\CameraHandler.cu">
      <Filter>CameraAbstract</Filter>
    </CudaCompile>
    <CudaCompile Include="src\General.cu">
      <Filter>Utilities</Filter>
    </CudaCompile>
    <CudaCompile Include="src\CameraSupport\GIPCam.cu">
      <Filter>CameraAbstract\GIPCam</Filter>
    </CudaCompile>
    <CudaCompile Include="src\ICP.cu">
      <Filter>ICP</Filter>
    </CudaCompile>
    <CudaCompile Include="src\Raycaster.cu">
      <Filter>RayCaster</Filter>
    </CudaCompile>
    <CudaCompile Include="src\VolumeIntegrator.cu">
      <Filter>VolumeIntegrator</Filter>
    </CudaCompile>
    <CudaCompile Include="src\CameraSupport\PrimesenseCamera.cu">
      <Filter>CameraAbstract\PrimeSense</Filter>
    </CudaCompile>
    <CudaCompile Include="src\CameraSupport\SoftKineticCamera.cu">
      <Filter>CameraAbstract\SoftKinetic</Filter>
    </CudaCompile>
  </ItemGroup>
  <ItemGroup>
    <None Include="include\CudaUtilities.cuh">
      <Filter>Utilities</Filter>
    </None>
    <None Include="src\CameraSupport\GIPCam\gipFile.def">
      <Filter>CameraAbstract\GIPCam</Filter>
    </None>
    <None Include="src\stopwatch_base.inl">
      <Filter>Utilities\cutil</Filter>
    </None>
  </ItemGroup>
</Project>